
Microsoft Visual Studio Solution File, Format Version 12.00
# Visual Studio 15
VisualStudioVersion = 15.0.28010.2046
MinimumVisualStudioVersion = 10.0.40219.1
Project("{FAE04EC0-301F-11D3-BF4B-00C04F79EFBC}") = "CalAppo.Android", "CalAppo\CalAppo.Android\CalAppo.Android.csproj", "{24CE3C36-16B9-426D-AA0C-5961ECF8D88C}"
EndProject
Project("{FAE04EC0-301F-11D3-BF4B-00C04F79EFBC}") = "CalAppo.iOS", "CalAppo\CalAppo.iOS\CalAppo.iOS.csproj", "{9BEAF336-E389-468D-96FC-ECAC598F48D6}"
EndProject
Project("{FAE04EC0-301F-11D3-BF4B-00C04F79EFBC}") = "CalAppo.UWP", "CalAppo\CalAppo.UWP\CalAppo.UWP.csproj", "{ED414899-3786-405E-9196-CB4ACF7C71C8}"
EndProject
Project("{FAE04EC0-301F-11D3-BF4B-00C04F79EFBC}") = "CalAppo", "CalAppo\CalAppo\CalAppo.csproj", "{21ABE3C0-AB61-4A1C-98C3-5D3004F1ABFA}"
EndProject
Global
	GlobalSection(SolutionConfigurationPlatforms) = preSolution
		Debug|Any CPU = Debug|Any CPU
		Debug|ARM = Debug|ARM
		Debug|iPhone = Debug|iPhone
		Debug|iPhoneSimulator = Debug|iPhoneSimulator
		Debug|x64 = Debug|x64
		Debug|x86 = Debug|x86
		Release|Any CPU = Release|Any CPU
		Release|ARM = Release|ARM
		Release|iPhone = Release|iPhone
		Release|iPhoneSimulator = Release|iPhoneSimulator
		Release|x64 = Release|x64
		Release|x86 = Release|x86
	EndGlobalSection
	GlobalSection(ProjectConfigurationPlatforms) = postSolution
		{24CE3C36-16B9-426D-AA0C-5961ECF8D88C}.Debug|Any CPU.ActiveCfg = Debug|Any CPU
		{24CE3C36-16B9-426D-AA0C-5961ECF8D88C}.Debug|Any CPU.Build.0 = Debug|Any CPU
		{24CE3C36-16B9-426D-AA0C-5961ECF8D88C}.Debug|Any CPU.Deploy.0 = Debug|Any CPU
		{24CE3C36-16B9-426D-AA0C-5961ECF8D88C}.Debug|ARM.ActiveCfg = Debug|Any CPU
		{24CE3C36-16B9-426D-AA0C-5961ECF8D88C}.Debug|ARM.Build.0 = Debug|Any CPU
		{24CE3C36-16B9-426D-AA0C-5961ECF8D88C}.Debug|ARM.Deploy.0 = Debug|Any CPU
		{24CE3C36-16B9-426D-AA0C-5961ECF8D88C}.Debug|iPhone.ActiveCfg = Debug|Any CPU
		{24CE3C36-16B9-426D-AA0C-5961ECF8D88C}.Debug|iPhone.Build.0 = Debug|Any CPU
		{24CE3C36-16B9-426D-AA0C-5961ECF8D88C}.Debug|iPhone.Deploy.0 = Debug|Any CPU
		{24CE3C36-16B9-426D-AA0C-5961ECF8D88C}.Debug|iPhoneSimulator.ActiveCfg = Debug|Any CPU
		{24CE3C36-16B9-426D-AA0C-5961ECF8D88C}.Debug|iPhoneSimulator.Build.0 = Debug|Any CPU
		{24CE3C36-16B9-426D-AA0C-5961ECF8D88C}.Debug|iPhoneSimulator.Deploy.0 = Debug|Any CPU
		{24CE3C36-16B9-426D-AA0C-5961ECF8D88C}.Debug|x64.ActiveCfg = Debug|Any CPU
		{24CE3C36-16B9-426D-AA0C-5961ECF8D88C}.Debug|x64.Build.0 = Debug|Any CPU
		{24CE3C36-16B9-426D-AA0C-5961ECF8D88C}.Debug|x64.Deploy.0 = Debug|Any CPU
		{24CE3C36-16B9-426D-AA0C-5961ECF8D88C}.Debug|x86.ActiveCfg = Debug|Any CPU
		{24CE3C36-16B9-426D-AA0C-5961ECF8D88C}.Debug|x86.Build.0 = Debug|Any CPU
		{24CE3C36-16B9-426D-AA0C-5961ECF8D88C}.Debug|x86.Deploy.0 = Debug|Any CPU
		{24CE3C36-16B9-426D-AA0C-5961ECF8D88C}.Release|Any CPU.ActiveCfg = Release|Any CPU
		{24CE3C36-16B9-426D-AA0C-5961ECF8D88C}.Release|Any CPU.Build.0 = Release|Any CPU
		{24CE3C36-16B9-426D-AA0C-5961ECF8D88C}.Release|Any CPU.Deploy.0 = Release|Any CPU
		{24CE3C36-16B9-426D-AA0C-5961ECF8D88C}.Release|ARM.ActiveCfg = Release|Any CPU
		{24CE3C36-16B9-426D-AA0C-5961ECF8D88C}.Release|ARM.Build.0 = Release|Any CPU
		{24CE3C36-16B9-426D-AA0C-5961ECF8D88C}.Release|ARM.Deploy.0 = Release|Any CPU
		{24CE3C36-16B9-426D-AA0C-5961ECF8D88C}.Release|iPhone.ActiveCfg = Release|Any CPU
		{24CE3C36-16B9-426D-AA0C-5961ECF8D88C}.Release|iPhone.Build.0 = Release|Any CPU
		{24CE3C36-16B9-426D-AA0C-5961ECF8D88C}.Release|iPhone.Deploy.0 = Release|Any CPU
		{24CE3C36-16B9-426D-AA0C-5961ECF8D88C}.Release|iPhoneSimulator.ActiveCfg = Release|Any CPU
		{24CE3C36-16B9-426D-AA0C-5961ECF8D88C}.Release|iPhoneSimulator.Build.0 = Release|Any CPU
		{24CE3C36-16B9-426D-AA0C-5961ECF8D88C}.Release|iPhoneSimulator.Deploy.0 = Release|Any CPU
		{24CE3C36-16B9-426D-AA0C-5961ECF8D88C}.Release|x64.ActiveCfg = Release|Any CPU
		{24CE3C36-16B9-426D-AA0C-5961ECF8D88C}.Release|x64.Build.0 = Release|Any CPU
		{24CE3C36-16B9-426D-AA0C-5961ECF8D88C}.Release|x64.Deploy.0 = Release|Any CPU
		{24CE3C36-16B9-426D-AA0C-5961ECF8D88C}.Release|x86.ActiveCfg = Release|Any CPU
		{24CE3C36-16B9-426D-AA0C-5961ECF8D88C}.Release|x86.Build.0 = Release|Any CPU
		{24CE3C36-16B9-426D-AA0C-5961ECF8D88C}.Release|x86.Deploy.0 = Release|Any CPU
		{9BEAF336-E389-468D-96FC-ECAC598F48D6}.Debug|Any CPU.ActiveCfg = Debug|iPhoneSimulator
		{9BEAF336-E389-468D-96FC-ECAC598F48D6}.Debug|Any CPU.Build.0 = Debug|iPhoneSimulator
		{9BEAF336-E389-468D-96FC-ECAC598F48D6}.Debug|Any CPU.Deploy.0 = Debug|iPhoneSimulator
		{9BEAF336-E389-468D-96FC-ECAC598F48D6}.Debug|ARM.ActiveCfg = Debug|iPhone
		{9BEAF336-E389-468D-96FC-ECAC598F48D6}.Debug|ARM.Build.0 = Debug|iPhone
		{9BEAF336-E389-468D-96FC-ECAC598F48D6}.Debug|ARM.Deploy.0 = Debug|iPhone
		{9BEAF336-E389-468D-96FC-ECAC598F48D6}.Debug|iPhone.ActiveCfg = Debug|iPhone
		{9BEAF336-E389-468D-96FC-ECAC598F48D6}.Debug|iPhone.Build.0 = Debug|iPhone
		{9BEAF336-E389-468D-96FC-ECAC598F48D6}.Debug|iPhone.Deploy.0 = Debug|iPhone
		{9BEAF336-E389-468D-96FC-ECAC598F48D6}.Debug|iPhoneSimulator.ActiveCfg = Debug|iPhoneSimulator
		{9BEAF336-E389-468D-96FC-ECAC598F48D6}.Debug|iPhoneSimulator.Build.0 = Debug|iPhoneSimulator
		{9BEAF336-E389-468D-96FC-ECAC598F48D6}.Debug|iPhoneSimulator.Deploy.0 = Debug|iPhoneSimulator
		{9BEAF336-E389-468D-96FC-ECAC598F48D6}.Debug|x64.ActiveCfg = Debug|iPhone
		{9BEAF336-E389-468D-96FC-ECAC598F48D6}.Debug|x64.Build.0 = Debug|iPhone
		{9BEAF336-E389-468D-96FC-ECAC598F48D6}.Debug|x64.Deploy.0 = Debug|iPhone
		{9BEAF336-E389-468D-96FC-ECAC598F48D6}.Debug|x86.ActiveCfg = Debug|iPhone
		{9BEAF336-E389-468D-96FC-ECAC598F48D6}.Debug|x86.Build.0 = Debug|iPhone
		{9BEAF336-E389-468D-96FC-ECAC598F48D6}.Debug|x86.Deploy.0 = Debug|iPhone
		{9BEAF336-E389-468D-96FC-ECAC598F48D6}.Release|Any CPU.ActiveCfg = Release|iPhone
		{9BEAF336-E389-468D-96FC-ECAC598F48D6}.Release|Any CPU.Build.0 = Release|iPhone
		{9BEAF336-E389-468D-96FC-ECAC598F48D6}.Release|Any CPU.Deploy.0 = Release|iPhone
		{9BEAF336-E389-468D-96FC-ECAC598F48D6}.Release|ARM.ActiveCfg = Release|iPhone
		{9BEAF336-E389-468D-96FC-ECAC598F48D6}.Release|ARM.Build.0 = Release|iPhone
		{9BEAF336-E389-468D-96FC-ECAC598F48D6}.Release|ARM.Deploy.0 = Release|iPhone
		{9BEAF336-E389-468D-96FC-ECAC598F48D6}.Release|iPhone.ActiveCfg = Release|iPhone
		{9BEAF336-E389-468D-96FC-ECAC598F48D6}.Release|iPhone.Build.0 = Release|iPhone
		{9BEAF336-E389-468D-96FC-ECAC598F48D6}.Release|iPhone.Deploy.0 = Release|iPhone
		{9BEAF336-E389-468D-96FC-ECAC598F48D6}.Release|iPhoneSimulator.ActiveCfg = Release|iPhoneSimulator
		{9BEAF336-E389-468D-96FC-ECAC598F48D6}.Release|iPhoneSimulator.Build.0 = Release|iPhoneSimulator
		{9BEAF336-E389-468D-96FC-ECAC598F48D6}.Release|iPhoneSimulator.Deploy.0 = Release|iPhoneSimulator
		{9BEAF336-E389-468D-96FC-ECAC598F48D6}.Release|x64.ActiveCfg = Release|iPhone
		{9BEAF336-E389-468D-96FC-ECAC598F48D6}.Release|x64.Build.0 = Release|iPhone
		{9BEAF336-E389-468D-96FC-ECAC598F48D6}.Release|x64.Deploy.0 = Release|iPhone
		{9BEAF336-E389-468D-96FC-ECAC598F48D6}.Release|x86.ActiveCfg = Release|iPhone
		{9BEAF336-E389-468D-96FC-ECAC598F48D6}.Release|x86.Build.0 = Release|iPhone
		{9BEAF336-E389-468D-96FC-ECAC598F48D6}.Release|x86.Deploy.0 = Release|iPhone
		{ED414899-3786-405E-9196-CB4ACF7C71C8}.Debug|Any CPU.ActiveCfg = Debug|x86
		{ED414899-3786-405E-9196-CB4ACF7C71C8}.Debug|Any CPU.Build.0 = Debug|x86
		{ED414899-3786-405E-9196-CB4ACF7C71C8}.Debug|Any CPU.Deploy.0 = Debug|x86
		{ED414899-3786-405E-9196-CB4ACF7C71C8}.Debug|ARM.ActiveCfg = Debug|ARM
		{ED414899-3786-405E-9196-CB4ACF7C71C8}.Debug|ARM.Build.0 = Debug|ARM
		{ED414899-3786-405E-9196-CB4ACF7C71C8}.Debug|ARM.Deploy.0 = Debug|ARM
		{ED414899-3786-405E-9196-CB4ACF7C71C8}.Debug|iPhone.ActiveCfg = Debug|x86
		{ED414899-3786-405E-9196-CB4ACF7C71C8}.Debug|iPhone.Build.0 = Debug|x86
		{ED414899-3786-405E-9196-CB4ACF7C71C8}.Debug|iPhone.Deploy.0 = Debug|x86
		{ED414899-3786-405E-9196-CB4ACF7C71C8}.Debug|iPhoneSimulator.ActiveCfg = Debug|x86
		{ED414899-3786-405E-9196-CB4ACF7C71C8}.Debug|iPhoneSimulator.Build.0 = Debug|x86
		{ED414899-3786-405E-9196-CB4ACF7C71C8}.Debug|iPhoneSimulator.Deploy.0 = Debug|x86
		{ED414899-3786-405E-9196-CB4ACF7C71C8}.Debug|x64.ActiveCfg = Debug|x64
		{ED414899-3786-405E-9196-CB4ACF7C71C8}.Debug|x64.Build.0 = Debug|x64
		{ED414899-3786-405E-9196-CB4ACF7C71C8}.Debug|x64.Deploy.0 = Debug|x64
		{ED414899-3786-405E-9196-CB4ACF7C71C8}.Debug|x86.ActiveCfg = Debug|x86
		{ED414899-3786-405E-9196-CB4ACF7C71C8}.Debug|x86.Build.0 = Debug|x86
		{ED414899-3786-405E-9196-CB4ACF7C71C8}.Debug|x86.Deploy.0 = Debug|x86
		{ED414899-3786-405E-9196-CB4ACF7C71C8}.Release|Any CPU.ActiveCfg = Release|x86
		{ED414899-3786-405E-9196-CB4ACF7C71C8}.Release|Any CPU.Build.0 = Release|x86
		{ED414899-3786-405E-9196-CB4ACF7C71C8}.Release|Any CPU.Deploy.0 = Release|x86
		{ED414899-3786-405E-9196-CB4ACF7C71C8}.Release|ARM.ActiveCfg = Release|ARM
		{ED414899-3786-405E-9196-CB4ACF7C71C8}.Release|ARM.Build.0 = Release|ARM
		{ED414899-3786-405E-9196-CB4ACF7C71C8}.Release|ARM.Deploy.0 = Release|ARM
		{ED414899-3786-405E-9196-CB4ACF7C71C8}.Release|iPhone.ActiveCfg = Release|x86
		{ED414899-3786-405E-9196-CB4ACF7C71C8}.Release|iPhone.Build.0 = Release|x86
		{ED414899-3786-405E-9196-CB4ACF7C71C8}.Release|iPhone.Deploy.0 = Release|x86
		{ED414899-3786-405E-9196-CB4ACF7C71C8}.Release|iPhoneSimulator.ActiveCfg = Release|x86
		{ED414899-3786-405E-9196-CB4ACF7C71C8}.Release|iPhoneSimulator.Build.0 = Release|x86
		{ED414899-3786-405E-9196-CB4ACF7C71C8}.Release|iPhoneSimulator.Deploy.0 = Release|x86
		{ED414899-3786-405E-9196-CB4ACF7C71C8}.Release|x64.ActiveCfg = Release|x64
		{ED414899-3786-405E-9196-CB4ACF7C71C8}.Release|x64.Build.0 = Release|x64
		{ED414899-3786-405E-9196-CB4ACF7C71C8}.Release|x64.Deploy.0 = Release|x64
		{ED414899-3786-405E-9196-CB4ACF7C71C8}.Release|x86.ActiveCfg = Release|x86
		{ED414899-3786-405E-9196-CB4ACF7C71C8}.Release|x86.Build.0 = Release|x86
		{ED414899-3786-405E-9196-CB4ACF7C71C8}.Release|x86.Deploy.0 = Release|x86
		{21ABE3C0-AB61-4A1C-98C3-5D3004F1ABFA}.Debug|Any CPU.ActiveCfg = Debug|Any CPU
		{21ABE3C0-AB61-4A1C-98C3-5D3004F1ABFA}.Debug|Any CPU.Build.0 = Debug|Any CPU
		{21ABE3C0-AB61-4A1C-98C3-5D3004F1ABFA}.Debug|Any CPU.Deploy.0 = Debug|Any CPU
		{21ABE3C0-AB61-4A1C-98C3-5D3004F1ABFA}.Debug|ARM.ActiveCfg = Debug|Any CPU
		{21ABE3C0-AB61-4A1C-98C3-5D3004F1ABFA}.Debug|ARM.Build.0 = Debug|Any CPU
		{21ABE3C0-AB61-4A1C-98C3-5D3004F1ABFA}.Debug|ARM.Deploy.0 = Debug|Any CPU
		{21ABE3C0-AB61-4A1C-98C3-5D3004F1ABFA}.Debug|iPhone.ActiveCfg = Debug|Any CPU
		{21ABE3C0-AB61-4A1C-98C3-5D3004F1ABFA}.Debug|iPhone.Build.0 = Debug|Any CPU
		{21ABE3C0-AB61-4A1C-98C3-5D3004F1ABFA}.Debug|iPhone.Deploy.0 = Debug|Any CPU
		{21ABE3C0-AB61-4A1C-98C3-5D3004F1ABFA}.Debug|iPhoneSimulator.ActiveCfg = Debug|Any CPU
		{21ABE3C0-AB61-4A1C-98C3-5D3004F1ABFA}.Debug|iPhoneSimulator.Build.0 = Debug|Any CPU
		{21ABE3C0-AB61-4A1C-98C3-5D3004F1ABFA}.Debug|iPhoneSimulator.Deploy.0 = Debug|Any CPU
		{21ABE3C0-AB61-4A1C-98C3-5D3004F1ABFA}.Debug|x64.ActiveCfg = Debug|Any CPU
		{21ABE3C0-AB61-4A1C-98C3-5D3004F1ABFA}.Debug|x64.Build.0 = Debug|Any CPU
		{21ABE3C0-AB61-4A1C-98C3-5D3004F1ABFA}.Debug|x64.Deploy.0 = Debug|Any CPU
		{21ABE3C0-AB61-4A1C-98C3-5D3004F1ABFA}.Debug|x86.ActiveCfg = Debug|Any CPU
		{21ABE3C0-AB61-4A1C-98C3-5D3004F1ABFA}.Debug|x86.Build.0 = Debug|Any CPU
		{21ABE3C0-AB61-4A1C-98C3-5D3004F1ABFA}.Debug|x86.Deploy.0 = Debug|Any CPU
		{21ABE3C0-AB61-4A1C-98C3-5D3004F1ABFA}.Release|Any CPU.ActiveCfg = Release|Any CPU
		{21ABE3C0-AB61-4A1C-98C3-5D3004F1ABFA}.Release|Any CPU.Build.0 = Release|Any CPU
		{21ABE3C0-AB61-4A1C-98C3-5D3004F1ABFA}.Release|Any CPU.Deploy.0 = Release|Any CPU
		{21ABE3C0-AB61-4A1C-98C3-5D3004F1ABFA}.Release|ARM.ActiveCfg = Release|Any CPU
		{21ABE3C0-AB61-4A1C-98C3-5D3004F1ABFA}.Release|ARM.Build.0 = Release|Any CPU
		{21ABE3C0-AB61-4A1C-98C3-5D3004F1ABFA}.Release|ARM.Deploy.0 = Release|Any CPU
		{21ABE3C0-AB61-4A1C-98C3-5D3004F1ABFA}.Release|iPhone.ActiveCfg = Release|Any CPU
		{21ABE3C0-AB61-4A1C-98C3-5D3004F1ABFA}.Release|iPhone.Build.0 = Release|Any CPU
		{21ABE3C0-AB61-4A1C-98C3-5D3004F1ABFA}.Release|iPhone.Deploy.0 = Release|Any CPU
		{21ABE3C0-AB61-4A1C-98C3-5D3004F1ABFA}.Release|iPhoneSimulator.ActiveCfg = Release|Any CPU
		{21ABE3C0-AB61-4A1C-98C3-5D3004F1ABFA}.Release|iPhoneSimulator.Build.0 = Release|Any CPU
		{21ABE3C0-AB61-4A1C-98C3-5D3004F1ABFA}.Release|iPhoneSimulator.Deploy.0 = Release|Any CPU
		{21ABE3C0-AB61-4A1C-98C3-5D3004F1ABFA}.Release|x64.ActiveCfg = Release|Any CPU
		{21ABE3C0-AB61-4A1C-98C3-5D3004F1ABFA}.Release|x64.Build.0 = Release|Any CPU
		{21ABE3C0-AB61-4A1C-98C3-5D3004F1ABFA}.Release|x64.Deploy.0 = Release|Any CPU
		{21ABE3C0-AB61-4A1C-98C3-5D3004F1ABFA}.Release|x86.ActiveCfg = Release|Any CPU
		{21ABE3C0-AB61-4A1C-98C3-5D3004F1ABFA}.Release|x86.Build.0 = Release|Any CPU
		{21ABE3C0-AB61-4A1C-98C3-5D3004F1ABFA}.Release|x86.Deploy.0 = Release|Any CPU
	EndGlobalSection
	GlobalSection(SolutionProperties) = preSolution
		HideSolutionNode = FALSE
	EndGlobalSection
	GlobalSection(ExtensibilityGlobals) = postSolution
		SolutionGuid = {609CD4AC-E04F-449C-95B1-2658B8A4728B}
	EndGlobalSection
EndGlobal
